// !$*UTF8*$!
{
	archiveVersion = 1;
	classes = {
	};
	objectVersion = 50;
	objects = {

/* Begin PBXBuildFile section */
		04189E8522448183000819A8 /* AppDelegate.m in Sources */ = {isa = PBXBuildFile; fileRef = 04189E8422448183000819A8 /* AppDelegate.m */; };
		04189E8B22448183000819A8 /* Main.storyboard in Resources */ = {isa = PBXBuildFile; fileRef = 04189E8922448183000819A8 /* Main.storyboard */; };
		04189E8D22448184000819A8 /* Assets.xcassets in Resources */ = {isa = PBXBuildFile; fileRef = 04189E8C22448184000819A8 /* Assets.xcassets */; };
		04189E9022448184000819A8 /* LaunchScreen.storyboard in Resources */ = {isa = PBXBuildFile; fileRef = 04189E8E22448184000819A8 /* LaunchScreen.storyboard */; };
		04189E9322448184000819A8 /* main.m in Sources */ = {isa = PBXBuildFile; fileRef = 04189E9222448184000819A8 /* main.m */; };
		04189EA22244912F000819A8 /* MSXLoginViewController.m in Sources */ = {isa = PBXBuildFile; fileRef = 04189EA12244912F000819A8 /* MSXLoginViewController.m */; };
		04189F2122449AD6000819A8 /* GWNetWorking.m in Sources */ = {isa = PBXBuildFile; fileRef = 04189F0B22449AD6000819A8 /* GWNetWorking.m */; };
		04189F2222449AD6000819A8 /* amrFileCodec.mm in Sources */ = {isa = PBXBuildFile; fileRef = 04189F0F22449AD6000819A8 /* amrFileCodec.mm */; };
		04189F2322449AD6000819A8 /* libopencore-amrnb.a in Frameworks */ = {isa = PBXBuildFile; fileRef = 04189F1122449AD6000819A8 /* libopencore-amrnb.a */; };
		04189F2422449AD6000819A8 /* libopencore-amrwb.a in Frameworks */ = {isa = PBXBuildFile; fileRef = 04189F1222449AD6000819A8 /* libopencore-amrwb.a */; };
		04189F2522449AD7000819A8 /* VoiceConverter.mm in Sources */ = {isa = PBXBuildFile; fileRef = 04189F1A22449AD6000819A8 /* VoiceConverter.mm */; };
		04189F272244AB0C000819A8 /* A99588B8-38E7-4625-997E-99E8EF7D5FF0.png in Resources */ = {isa = PBXBuildFile; fileRef = 04189F262244AB0C000819A8 /* A99588B8-38E7-4625-997E-99E8EF7D5FF0.png */; };
		04189F772244C656000819A8 /* LKImageMemoryCache.mm in Sources */ = {isa = PBXBuildFile; fileRef = 04189F2F2244C656000819A8 /* LKImageMemoryCache.mm */; };
		04189F782244C656000819A8 /* LKImageSmartCache.m in Sources */ = {isa = PBXBuildFile; fileRef = 04189F312244C656000819A8 /* LKImageSmartCache.m */; };
		04189F792244C656000819A8 /* LKImageSystemDecoder.m in Sources */ = {isa = PBXBuildFile; fileRef = 04189F342244C656000819A8 /* LKImageSystemDecoder.m */; };
		04189F7A2244C656000819A8 /* LKImageBundleLoader.m in Sources */ = {isa = PBXBuildFile; fileRef = 04189F372244C656000819A8 /* LKImageBundleLoader.m */; };
		04189F7B2244C656000819A8 /* LKImageLocalFileLoader.m in Sources */ = {isa = PBXBuildFile; fileRef = 04189F392244C656000819A8 /* LKImageLocalFileLoader.m */; };
		04189F7C2244C656000819A8 /* LKImageMemoryImageLoader.m in Sources */ = {isa = PBXBuildFile; fileRef = 04189F3B2244C656000819A8 /* LKImageMemoryImageLoader.m */; };
		04189F7D2244C656000819A8 /* LKImageNetworkFileLoader.m in Sources */ = {isa = PBXBuildFile; fileRef = 04189F3D2244C656000819A8 /* LKImageNetworkFileLoader.m */; };
		04189F7E2244C656000819A8 /* LKImagePhotoKitLoader.m in Sources */ = {isa = PBXBuildFile; fileRef = 04189F3F2244C656000819A8 /* LKImagePhotoKitLoader.m */; };
		04189F7F2244C656000819A8 /* LKImageBlurProcessor.m in Sources */ = {isa = PBXBuildFile; fileRef = 04189F422244C656000819A8 /* LKImageBlurProcessor.m */; };
		04189F802244C656000819A8 /* LKImageGrayProcessor.m in Sources */ = {isa = PBXBuildFile; fileRef = 04189F442244C656000819A8 /* LKImageGrayProcessor.m */; };
		04189F812244C656000819A8 /* LKImagePredrawProcessor.m in Sources */ = {isa = PBXBuildFile; fileRef = 04189F462244C656000819A8 /* LKImagePredrawProcessor.m */; };
		04189F822244C656000819A8 /* LKImageSpritesToMutipleImagesProcessor.m in Sources */ = {isa = PBXBuildFile; fileRef = 04189F482244C656000819A8 /* LKImageSpritesToMutipleImagesProcessor.m */; };
		04189F832244C656000819A8 /* LKImageConfiguration.m in Sources */ = {isa = PBXBuildFile; fileRef = 04189F4C2244C656000819A8 /* LKImageConfiguration.m */; };
		04189F842244C656000819A8 /* LKImageError.m in Sources */ = {isa = PBXBuildFile; fileRef = 04189F4E2244C656000819A8 /* LKImageError.m */; };
		04189F852244C656000819A8 /* LKImageInfo.m in Sources */ = {isa = PBXBuildFile; fileRef = 04189F502244C656000819A8 /* LKImageInfo.m */; };
		04189F862244C656000819A8 /* LKImageRequest.m in Sources */ = {isa = PBXBuildFile; fileRef = 04189F522244C656000819A8 /* LKImageRequest.m */; };
		04189F872244C656000819A8 /* LKImageView.m in Sources */ = {isa = PBXBuildFile; fileRef = 04189F542244C656000819A8 /* LKImageView.m */; };
		04189F882244C656000819A8 /* LKImageCacheManager.m in Sources */ = {isa = PBXBuildFile; fileRef = 04189F582244C656000819A8 /* LKImageCacheManager.m */; };
		04189F892244C656000819A8 /* LKImageDecoderManager.m in Sources */ = {isa = PBXBuildFile; fileRef = 04189F5A2244C656000819A8 /* LKImageDecoderManager.m */; };
		04189F8A2244C656000819A8 /* LKImageLoaderManager.m in Sources */ = {isa = PBXBuildFile; fileRef = 04189F5C2244C656000819A8 /* LKImageLoaderManager.m */; };
		04189F8B2244C656000819A8 /* LKImageLogManager.m in Sources */ = {isa = PBXBuildFile; fileRef = 04189F5E2244C656000819A8 /* LKImageLogManager.m */; };
		04189F8C2244C656000819A8 /* LKImageManager.m in Sources */ = {isa = PBXBuildFile; fileRef = 04189F602244C656000819A8 /* LKImageManager.m */; };
		04189F8D2244C656000819A8 /* LKImageProcessorManager.m in Sources */ = {isa = PBXBuildFile; fileRef = 04189F622244C656000819A8 /* LKImageProcessorManager.m */; };
		04189F8E2244C656000819A8 /* LKImagePriorityArray.m in Sources */ = {isa = PBXBuildFile; fileRef = 04189F672244C656000819A8 /* LKImagePriorityArray.m */; };
		04189F8F2244C656000819A8 /* LKImageMonitor.m in Sources */ = {isa = PBXBuildFile; fileRef = 04189F6C2244C656000819A8 /* LKImageMonitor.m */; };
		04189F902244C656000819A8 /* LKImageUtil.m in Sources */ = {isa = PBXBuildFile; fileRef = 04189F6E2244C656000819A8 /* LKImageUtil.m */; };
		04189F9A2244C98D000819A8 /* HFGCDTimer.m in Sources */ = {isa = PBXBuildFile; fileRef = 04189F922244C98B000819A8 /* HFGCDTimer.m */; };
		04189F9B2244C98D000819A8 /* HFWeakObject.m in Sources */ = {isa = PBXBuildFile; fileRef = 04189F932244C98C000819A8 /* HFWeakObject.m */; };
		04189F9D2244C98D000819A8 /* HFTimer.m in Sources */ = {isa = PBXBuildFile; fileRef = 04189F982244C98D000819A8 /* HFTimer.m */; };
		04189FAA2244C9E0000819A8 /* EBBannerView.xib in Resources */ = {isa = PBXBuildFile; fileRef = 04189FA02244C9E0000819A8 /* EBBannerView.xib */; };
		04189FAB2244C9E0000819A8 /* EBBannerView.m in Sources */ = {isa = PBXBuildFile; fileRef = 04189FA32244C9E0000819A8 /* EBBannerView.m */; };
		04189FAC2244C9E0000819A8 /* EBForeNotification.m in Sources */ = {isa = PBXBuildFile; fileRef = 04189FA42244C9E0000819A8 /* EBForeNotification.m */; };
		04189FAD2244C9E0000819A8 /* UIImage+ColorAtPoint.m in Sources */ = {isa = PBXBuildFile; fileRef = 04189FA62244C9E0000819A8 /* UIImage+ColorAtPoint.m */; };
		04189FAE2244C9E0000819A8 /* UILabel+ContentSize.m in Sources */ = {isa = PBXBuildFile; fileRef = 04189FA82244C9E0000819A8 /* UILabel+ContentSize.m */; };
		04189FB12244CF9B000819A8 /* HFDisplayLink.m in Sources */ = {isa = PBXBuildFile; fileRef = 04189FB02244CF9B000819A8 /* HFDisplayLink.m */; };
		04189FB42244D800000819A8 /* RJTextField.m in Sources */ = {isa = PBXBuildFile; fileRef = 04189FB32244D800000819A8 /* RJTextField.m */; };
		04189FBA2244DC3D000819A8 /* UIImage+GradientColor.m in Sources */ = {isa = PBXBuildFile; fileRef = 04189FB62244DC3C000819A8 /* UIImage+GradientColor.m */; };
		04189FE42244E40F000819A8 /* MSXMyViewController.m in Sources */ = {isa = PBXBuildFile; fileRef = 04189FE32244E40F000819A8 /* MSXMyViewController.m */; };
		04189FE72244E421000819A8 /* MSXMainViewController.m in Sources */ = {isa = PBXBuildFile; fileRef = 04189FE62244E421000819A8 /* MSXMainViewController.m */; };
		04189FEA2244E450000819A8 /* MSXProductionViewController.m in Sources */ = {isa = PBXBuildFile; fileRef = 04189FE92244E450000819A8 /* MSXProductionViewController.m */; };
		04189FED2244E485000819A8 /* MSXTaskStatusViewController.m in Sources */ = {isa = PBXBuildFile; fileRef = 04189FEC2244E485000819A8 /* MSXTaskStatusViewController.m */; };
		42FC1C625A4BF99C878EFAE1 /* libPods-LeancloudDemo.a in Frameworks */ = {isa = PBXBuildFile; fileRef = A2440CF4E6277A5B4AE6C6CD /* libPods-LeancloudDemo.a */; };
		654CC37A22550770009B76FD /* MSXStoryViewController.m in Sources */ = {isa = PBXBuildFile; fileRef = 654CC37922550770009B76FD /* MSXStoryViewController.m */; };
		654CC381225507EF009B76FD /* MCTabBar.m in Sources */ = {isa = PBXBuildFile; fileRef = 654CC37B225507EE009B76FD /* MCTabBar.m */; };
		654CC382225507EF009B76FD /* BaseNavigationController.m in Sources */ = {isa = PBXBuildFile; fileRef = 654CC37D225507EE009B76FD /* BaseNavigationController.m */; };
		654CC383225507EF009B76FD /* WWCustomTabBarController.m in Sources */ = {isa = PBXBuildFile; fileRef = 654CC37E225507EF009B76FD /* WWCustomTabBarController.m */; };
/* End PBXBuildFile section */

/* Begin PBXFileReference section */
		04189E8022448183000819A8 /* LeancloudDemo.app */ = {isa = PBXFileReference; explicitFileType = wrapper.application; includeInIndex = 0; path = LeancloudDemo.app; sourceTree = BUILT_PRODUCTS_DIR; };
		04189E8322448183000819A8 /* AppDelegate.h */ = {isa = PBXFileReference; lastKnownFileType = sourcecode.c.h; path = AppDelegate.h; sourceTree = "<group>"; };
		04189E8422448183000819A8 /* AppDelegate.m */ = {isa = PBXFileReference; lastKnownFileType = sourcecode.c.objc; path = AppDelegate.m; sourceTree = "<group>"; };
		04189E8A22448183000819A8 /* Base */ = {isa = PBXFileReference; lastKnownFileType = file.storyboard; name = Base; path = Base.lproj/Main.storyboard; sourceTree = "<group>"; };
		04189E8C22448184000819A8 /* Assets.xcassets */ = {isa = PBXFileReference; lastKnownFileType = folder.assetcatalog; path = Assets.xcassets; sourceTree = "<group>"; };
		04189E8F22448184000819A8 /* Base */ = {isa = PBXFileReference; lastKnownFileType = file.storyboard; name = Base; path = Base.lproj/LaunchScreen.storyboard; sourceTree = "<group>"; };
		04189E9122448184000819A8 /* Info.plist */ = {isa = PBXFileReference; lastKnownFileType = text.plist.xml; path = Info.plist; sourceTree = "<group>"; };
		04189E9222448184000819A8 /* main.m */ = {isa = PBXFileReference; lastKnownFileType = sourcecode.c.objc; path = main.m; sourceTree = "<group>"; };
		04189EA02244912F000819A8 /* MSXLoginViewController.h */ = {isa = PBXFileReference; lastKnownFileType = sourcecode.c.h; path = MSXLoginViewController.h; sourceTree = "<group>"; };
		04189EA12244912F000819A8 /* MSXLoginViewController.m */ = {isa = PBXFileReference; lastKnownFileType = sourcecode.c.objc; path = MSXLoginViewController.m; sourceTree = "<group>"; };
		04189EA322449160000819A8 /* MSXPrefixHeader.pch */ = {isa = PBXFileReference; lastKnownFileType = sourcecode.c.h; path = MSXPrefixHeader.pch; sourceTree = "<group>"; };
		04189F0A22449AD6000819A8 /* GWNetWorking.h */ = {isa = PBXFileReference; fileEncoding = 4; lastKnownFileType = sourcecode.c.h; path = GWNetWorking.h; sourceTree = "<group>"; };
		04189F0B22449AD6000819A8 /* GWNetWorking.m */ = {isa = PBXFileReference; fileEncoding = 4; lastKnownFileType = sourcecode.c.objc; path = GWNetWorking.m; sourceTree = "<group>"; };
		04189F0E22449AD6000819A8 /* amrFileCodec.h */ = {isa = PBXFileReference; fileEncoding = 4; lastKnownFileType = sourcecode.c.h; path = amrFileCodec.h; sourceTree = "<group>"; };
		04189F0F22449AD6000819A8 /* amrFileCodec.mm */ = {isa = PBXFileReference; fileEncoding = 4; lastKnownFileType = sourcecode.cpp.objcpp; path = amrFileCodec.mm; sourceTree = "<group>"; };
		04189F1122449AD6000819A8 /* libopencore-amrnb.a */ = {isa = PBXFileReference; lastKnownFileType = archive.ar; path = "libopencore-amrnb.a"; sourceTree = "<group>"; };
		04189F1222449AD6000819A8 /* libopencore-amrwb.a */ = {isa = PBXFileReference; lastKnownFileType = archive.ar; path = "libopencore-amrwb.a"; sourceTree = "<group>"; };
		04189F1422449AD6000819A8 /* interf_dec.h */ = {isa = PBXFileReference; fileEncoding = 4; lastKnownFileType = sourcecode.c.h; path = interf_dec.h; sourceTree = "<group>"; };
		04189F1522449AD6000819A8 /* interf_enc.h */ = {isa = PBXFileReference; fileEncoding = 4; lastKnownFileType = sourcecode.c.h; path = interf_enc.h; sourceTree = "<group>"; };
		04189F1722449AD6000819A8 /* dec_if.h */ = {isa = PBXFileReference; fileEncoding = 4; lastKnownFileType = sourcecode.c.h; path = dec_if.h; sourceTree = "<group>"; };
		04189F1822449AD6000819A8 /* if_rom.h */ = {isa = PBXFileReference; fileEncoding = 4; lastKnownFileType = sourcecode.c.h; path = if_rom.h; sourceTree = "<group>"; };
		04189F1922449AD6000819A8 /* VoiceConverter.h */ = {isa = PBXFileReference; fileEncoding = 4; lastKnownFileType = sourcecode.c.h; path = VoiceConverter.h; sourceTree = "<group>"; };
		04189F1A22449AD6000819A8 /* VoiceConverter.mm */ = {isa = PBXFileReference; fileEncoding = 4; lastKnownFileType = sourcecode.cpp.objcpp; path = VoiceConverter.mm; sourceTree = "<group>"; };
		04189F262244AB0C000819A8 /* A99588B8-38E7-4625-997E-99E8EF7D5FF0.png */ = {isa = PBXFileReference; lastKnownFileType = image.png; path = "A99588B8-38E7-4625-997E-99E8EF7D5FF0.png"; sourceTree = "<group>"; };
		04189F2A2244C248000819A8 /* ConfigurationHeader.h */ = {isa = PBXFileReference; lastKnownFileType = sourcecode.c.h; path = ConfigurationHeader.h; sourceTree = "<group>"; };
		04189F2E2244C656000819A8 /* LKImageMemoryCache.h */ = {isa = PBXFileReference; fileEncoding = 4; lastKnownFileType = sourcecode.c.h; path = LKImageMemoryCache.h; sourceTree = "<group>"; };
		04189F2F2244C656000819A8 /* LKImageMemoryCache.mm */ = {isa = PBXFileReference; fileEncoding = 4; lastKnownFileType = sourcecode.cpp.objcpp; path = LKImageMemoryCache.mm; sourceTree = "<group>"; };
		04189F302244C656000819A8 /* LKImageSmartCache.h */ = {isa = PBXFileReference; fileEncoding = 4; lastKnownFileType = sourcecode.c.h; path = LKImageSmartCache.h; sourceTree = "<group>"; };
		04189F312244C656000819A8 /* LKImageSmartCache.m */ = {isa = PBXFileReference; fileEncoding = 4; lastKnownFileType = sourcecode.c.objc; path = LKImageSmartCache.m; sourceTree = "<group>"; };
		04189F332244C656000819A8 /* LKImageSystemDecoder.h */ = {isa = PBXFileReference; fileEncoding = 4; lastKnownFileType = sourcecode.c.h; path = LKImageSystemDecoder.h; sourceTree = "<group>"; };
		04189F342244C656000819A8 /* LKImageSystemDecoder.m */ = {isa = PBXFileReference; fileEncoding = 4; lastKnownFileType = sourcecode.c.objc; path = LKImageSystemDecoder.m; sourceTree = "<group>"; };
		04189F362244C656000819A8 /* LKImageBundleLoader.h */ = {isa = PBXFileReference; fileEncoding = 4; lastKnownFileType = sourcecode.c.h; path = LKImageBundleLoader.h; sourceTree = "<group>"; };
		04189F372244C656000819A8 /* LKImageBundleLoader.m */ = {isa = PBXFileReference; fileEncoding = 4; lastKnownFileType = sourcecode.c.objc; path = LKImageBundleLoader.m; sourceTree = "<group>"; };
		04189F382244C656000819A8 /* LKImageLocalFileLoader.h */ = {isa = PBXFileReference; fileEncoding = 4; lastKnownFileType = sourcecode.c.h; path = LKImageLocalFileLoader.h; sourceTree = "<group>"; };
		04189F392244C656000819A8 /* LKImageLocalFileLoader.m */ = {isa = PBXFileReference; fileEncoding = 4; lastKnownFileType = sourcecode.c.objc; path = LKImageLocalFileLoader.m; sourceTree = "<group>"; };
		04189F3A2244C656000819A8 /* LKImageMemoryImageLoader.h */ = {isa = PBXFileReference; fileEncoding = 4; lastKnownFileType = sourcecode.c.h; path = LKImageMemoryImageLoader.h; sourceTree = "<group>"; };
		04189F3B2244C656000819A8 /* LKImageMemoryImageLoader.m */ = {isa = PBXFileReference; fileEncoding = 4; lastKnownFileType = sourcecode.c.objc; path = LKImageMemoryImageLoader.m; sourceTree = "<group>"; };
		04189F3C2244C656000819A8 /* LKImageNetworkFileLoader.h */ = {isa = PBXFileReference; fileEncoding = 4; lastKnownFileType = sourcecode.c.h; path = LKImageNetworkFileLoader.h; sourceTree = "<group>"; };
		04189F3D2244C656000819A8 /* LKImageNetworkFileLoader.m */ = {isa = PBXFileReference; fileEncoding = 4; lastKnownFileType = sourcecode.c.objc; path = LKImageNetworkFileLoader.m; sourceTree = "<group>"; };
		04189F3E2244C656000819A8 /* LKImagePhotoKitLoader.h */ = {isa = PBXFileReference; fileEncoding = 4; lastKnownFileType = sourcecode.c.h; path = LKImagePhotoKitLoader.h; sourceTree = "<group>"; };
		04189F3F2244C656000819A8 /* LKImagePhotoKitLoader.m */ = {isa = PBXFileReference; fileEncoding = 4; lastKnownFileType = sourcecode.c.objc; path = LKImagePhotoKitLoader.m; sourceTree = "<group>"; };
		04189F412244C656000819A8 /* LKImageBlurProcessor.h */ = {isa = PBXFileReference; fileEncoding = 4; lastKnownFileType = sourcecode.c.h; path = LKImageBlurProcessor.h; sourceTree = "<group>"; };
		04189F422244C656000819A8 /* LKImageBlurProcessor.m */ = {isa = PBXFileReference; fileEncoding = 4; lastKnownFileType = sourcecode.c.objc; path = LKImageBlurProcessor.m; sourceTree = "<group>"; };
		04189F432244C656000819A8 /* LKImageGrayProcessor.h */ = {isa = PBXFileReference; fileEncoding = 4; lastKnownFileType = sourcecode.c.h; path = LKImageGrayProcessor.h; sourceTree = "<group>"; };
		04189F442244C656000819A8 /* LKImageGrayProcessor.m */ = {isa = PBXFileReference; fileEncoding = 4; lastKnownFileType = sourcecode.c.objc; path = LKImageGrayProcessor.m; sourceTree = "<group>"; };
		04189F452244C656000819A8 /* LKImagePredrawProcessor.h */ = {isa = PBXFileReference; fileEncoding = 4; lastKnownFileType = sourcecode.c.h; path = LKImagePredrawProcessor.h; sourceTree = "<group>"; };
		04189F462244C656000819A8 /* LKImagePredrawProcessor.m */ = {isa = PBXFileReference; fileEncoding = 4; lastKnownFileType = sourcecode.c.objc; path = LKImagePredrawProcessor.m; sourceTree = "<group>"; };
		04189F472244C656000819A8 /* LKImageSpritesToMutipleImagesProcessor.h */ = {isa = PBXFileReference; fileEncoding = 4; lastKnownFileType = sourcecode.c.h; path = LKImageSpritesToMutipleImagesProcessor.h; sourceTree = "<group>"; };
		04189F482244C656000819A8 /* LKImageSpritesToMutipleImagesProcessor.m */ = {isa = PBXFileReference; fileEncoding = 4; lastKnownFileType = sourcecode.c.objc; path = LKImageSpritesToMutipleImagesProcessor.m; sourceTree = "<group>"; };
		04189F4B2244C656000819A8 /* LKImageConfiguration.h */ = {isa = PBXFileReference; fileEncoding = 4; lastKnownFileType = sourcecode.c.h; path = LKImageConfiguration.h; sourceTree = "<group>"; };
		04189F4C2244C656000819A8 /* LKImageConfiguration.m */ = {isa = PBXFileReference; fileEncoding = 4; lastKnownFileType = sourcecode.c.objc; path = LKImageConfiguration.m; sourceTree = "<group>"; };
		04189F4D2244C656000819A8 /* LKImageError.h */ = {isa = PBXFileReference; fileEncoding = 4; lastKnownFileType = sourcecode.c.h; path = LKImageError.h; sourceTree = "<group>"; };
		04189F4E2244C656000819A8 /* LKImageError.m */ = {isa = PBXFileReference; fileEncoding = 4; lastKnownFileType = sourcecode.c.objc; path = LKImageError.m; sourceTree = "<group>"; };
		04189F4F2244C656000819A8 /* LKImageInfo.h */ = {isa = PBXFileReference; fileEncoding = 4; lastKnownFileType = sourcecode.c.h; path = LKImageInfo.h; sourceTree = "<group>"; };
		04189F502244C656000819A8 /* LKImageInfo.m */ = {isa = PBXFileReference; fileEncoding = 4; lastKnownFileType = sourcecode.c.objc; path = LKImageInfo.m; sourceTree = "<group>"; };
		04189F512244C656000819A8 /* LKImageRequest.h */ = {isa = PBXFileReference; fileEncoding = 4; lastKnownFileType = sourcecode.c.h; path = LKImageRequest.h; sourceTree = "<group>"; };
		04189F522244C656000819A8 /* LKImageRequest.m */ = {isa = PBXFileReference; fileEncoding = 4; lastKnownFileType = sourcecode.c.objc; path = LKImageRequest.m; sourceTree = "<group>"; };
		04189F532244C656000819A8 /* LKImageView.h */ = {isa = PBXFileReference; fileEncoding = 4; lastKnownFileType = sourcecode.c.h; path = LKImageView.h; sourceTree = "<group>"; };
		04189F542244C656000819A8 /* LKImageView.m */ = {isa = PBXFileReference; fileEncoding = 4; lastKnownFileType = sourcecode.c.objc; path = LKImageView.m; sourceTree = "<group>"; };
		04189F552244C656000819A8 /* LKImageDefine.h */ = {isa = PBXFileReference; fileEncoding = 4; lastKnownFileType = sourcecode.c.h; path = LKImageDefine.h; sourceTree = "<group>"; };
		04189F572244C656000819A8 /* LKImageCacheManager.h */ = {isa = PBXFileReference; fileEncoding = 4; lastKnownFileType = sourcecode.c.h; path = LKImageCacheManager.h; sourceTree = "<group>"; };
		04189F582244C656000819A8 /* LKImageCacheManager.m */ = {isa = PBXFileReference; fileEncoding = 4; lastKnownFileType = sourcecode.c.objc; path = LKImageCacheManager.m; sourceTree = "<group>"; };
		04189F592244C656000819A8 /* LKImageDecoderManager.h */ = {isa = PBXFileReference; fileEncoding = 4; lastKnownFileType = sourcecode.c.h; path = LKImageDecoderManager.h; sourceTree = "<group>"; };
		04189F5A2244C656000819A8 /* LKImageDecoderManager.m */ = {isa = PBXFileReference; fileEncoding = 4; lastKnownFileType = sourcecode.c.objc; path = LKImageDecoderManager.m; sourceTree = "<group>"; };
		04189F5B2244C656000819A8 /* LKImageLoaderManager.h */ = {isa = PBXFileReference; fileEncoding = 4; lastKnownFileType = sourcecode.c.h; path = LKImageLoaderManager.h; sourceTree = "<group>"; };
		04189F5C2244C656000819A8 /* LKImageLoaderManager.m */ = {isa = PBXFileReference; fileEncoding = 4; lastKnownFileType = sourcecode.c.objc; path = LKImageLoaderManager.m; sourceTree = "<group>"; };
		04189F5D2244C656000819A8 /* LKImageLogManager.h */ = {isa = PBXFileReference; fileEncoding = 4; lastKnownFileType = sourcecode.c.h; path = LKImageLogManager.h; sourceTree = "<group>"; };
		04189F5E2244C656000819A8 /* LKImageLogManager.m */ = {isa = PBXFileReference; fileEncoding = 4; lastKnownFileType = sourcecode.c.objc; path = LKImageLogManager.m; sourceTree = "<group>"; };
		04189F5F2244C656000819A8 /* LKImageManager.h */ = {isa = PBXFileReference; fileEncoding = 4; lastKnownFileType = sourcecode.c.h; path = LKImageManager.h; sourceTree = "<group>"; };
		04189F602244C656000819A8 /* LKImageManager.m */ = {isa = PBXFileReference; fileEncoding = 4; lastKnownFileType = sourcecode.c.objc; path = LKImageManager.m; sourceTree = "<group>"; };
		04189F612244C656000819A8 /* LKImageProcessorManager.h */ = {isa = PBXFileReference; fileEncoding = 4; lastKnownFileType = sourcecode.c.h; path = LKImageProcessorManager.h; sourceTree = "<group>"; };
		04189F622244C656000819A8 /* LKImageProcessorManager.m */ = {isa = PBXFileReference; fileEncoding = 4; lastKnownFileType = sourcecode.c.objc; path = LKImageProcessorManager.m; sourceTree = "<group>"; };
		04189F642244C656000819A8 /* LKImageLoaderManager+Private.h */ = {isa = PBXFileReference; fileEncoding = 4; lastKnownFileType = sourcecode.c.h; path = "LKImageLoaderManager+Private.h"; sourceTree = "<group>"; };
		04189F652244C656000819A8 /* LKImageMonitor+Private.h */ = {isa = PBXFileReference; fileEncoding = 4; lastKnownFileType = sourcecode.c.h; path = "LKImageMonitor+Private.h"; sourceTree = "<group>"; };
		04189F662244C656000819A8 /* LKImagePriorityArray.h */ = {isa = PBXFileReference; fileEncoding = 4; lastKnownFileType = sourcecode.c.h; path = LKImagePriorityArray.h; sourceTree = "<group>"; };
		04189F672244C656000819A8 /* LKImagePriorityArray.m */ = {isa = PBXFileReference; fileEncoding = 4; lastKnownFileType = sourcecode.c.objc; path = LKImagePriorityArray.m; sourceTree = "<group>"; };
		04189F682244C656000819A8 /* LKImagePrivate.h */ = {isa = PBXFileReference; fileEncoding = 4; lastKnownFileType = sourcecode.c.h; path = LKImagePrivate.h; sourceTree = "<group>"; };
		04189F692244C656000819A8 /* LKImageRequest+Private.h */ = {isa = PBXFileReference; fileEncoding = 4; lastKnownFileType = sourcecode.c.h; path = "LKImageRequest+Private.h"; sourceTree = "<group>"; };
		04189F6B2244C656000819A8 /* LKImageMonitor.h */ = {isa = PBXFileReference; fileEncoding = 4; lastKnownFileType = sourcecode.c.h; path = LKImageMonitor.h; sourceTree = "<group>"; };
		04189F6C2244C656000819A8 /* LKImageMonitor.m */ = {isa = PBXFileReference; fileEncoding = 4; lastKnownFileType = sourcecode.c.objc; path = LKImageMonitor.m; sourceTree = "<group>"; };
		04189F6D2244C656000819A8 /* LKImageUtil.h */ = {isa = PBXFileReference; fileEncoding = 4; lastKnownFileType = sourcecode.c.h; path = LKImageUtil.h; sourceTree = "<group>"; };
		04189F6E2244C656000819A8 /* LKImageUtil.m */ = {isa = PBXFileReference; fileEncoding = 4; lastKnownFileType = sourcecode.c.objc; path = LKImageUtil.m; sourceTree = "<group>"; };
		04189F702244C656000819A8 /* LKImageKit.h */ = {isa = PBXFileReference; fileEncoding = 4; lastKnownFileType = sourcecode.c.h; path = LKImageKit.h; sourceTree = "<group>"; };
		04189F922244C98B000819A8 /* HFGCDTimer.m */ = {isa = PBXFileReference; fileEncoding = 4; lastKnownFileType = sourcecode.c.objc; path = HFGCDTimer.m; sourceTree = "<group>"; };
		04189F932244C98C000819A8 /* HFWeakObject.m */ = {isa = PBXFileReference; fileEncoding = 4; lastKnownFileType = sourcecode.c.objc; path = HFWeakObject.m; sourceTree = "<group>"; };
		04189F942244C98C000819A8 /* HFTimer.h */ = {isa = PBXFileReference; fileEncoding = 4; lastKnownFileType = sourcecode.c.h; path = HFTimer.h; sourceTree = "<group>"; };
		04189F962244C98C000819A8 /* HFWeakObject.h */ = {isa = PBXFileReference; fileEncoding = 4; lastKnownFileType = sourcecode.c.h; path = HFWeakObject.h; sourceTree = "<group>"; };
		04189F972244C98D000819A8 /* HFGCDTimer.h */ = {isa = PBXFileReference; fileEncoding = 4; lastKnownFileType = sourcecode.c.h; path = HFGCDTimer.h; sourceTree = "<group>"; };
		04189F982244C98D000819A8 /* HFTimer.m */ = {isa = PBXFileReference; fileEncoding = 4; lastKnownFileType = sourcecode.c.objc; path = HFTimer.m; sourceTree = "<group>"; };
		04189F992244C98D000819A8 /* HFDisplayLink.h */ = {isa = PBXFileReference; fileEncoding = 4; lastKnownFileType = sourcecode.c.h; path = HFDisplayLink.h; sourceTree = "<group>"; };
		04189FA12244C9E0000819A8 /* Base */ = {isa = PBXFileReference; lastKnownFileType = file.xib; name = Base; path = Base.lproj/EBBannerView.xib; sourceTree = "<group>"; };
		04189FA22244C9E0000819A8 /* EBBannerView.h */ = {isa = PBXFileReference; fileEncoding = 4; lastKnownFileType = sourcecode.c.h; path = EBBannerView.h; sourceTree = "<group>"; };
		04189FA32244C9E0000819A8 /* EBBannerView.m */ = {isa = PBXFileReference; fileEncoding = 4; lastKnownFileType = sourcecode.c.objc; path = EBBannerView.m; sourceTree = "<group>"; };
		04189FA42244C9E0000819A8 /* EBForeNotification.m */ = {isa = PBXFileReference; fileEncoding = 4; lastKnownFileType = sourcecode.c.objc; path = EBForeNotification.m; sourceTree = "<group>"; };
		04189FA52244C9E0000819A8 /* UIImage+ColorAtPoint.h */ = {isa = PBXFileReference; fileEncoding = 4; lastKnownFileType = sourcecode.c.h; path = "UIImage+ColorAtPoint.h"; sourceTree = "<group>"; };
		04189FA62244C9E0000819A8 /* UIImage+ColorAtPoint.m */ = {isa = PBXFileReference; fileEncoding = 4; lastKnownFileType = sourcecode.c.objc; path = "UIImage+ColorAtPoint.m"; sourceTree = "<group>"; };
		04189FA72244C9E0000819A8 /* UILabel+ContentSize.h */ = {isa = PBXFileReference; fileEncoding = 4; lastKnownFileType = sourcecode.c.h; path = "UILabel+ContentSize.h"; sourceTree = "<group>"; };
		04189FA82244C9E0000819A8 /* UILabel+ContentSize.m */ = {isa = PBXFileReference; fileEncoding = 4; lastKnownFileType = sourcecode.c.objc; path = "UILabel+ContentSize.m"; sourceTree = "<group>"; };
		04189FA92244C9E0000819A8 /* EBForeNotification.h */ = {isa = PBXFileReference; fileEncoding = 4; lastKnownFileType = sourcecode.c.h; path = EBForeNotification.h; sourceTree = "<group>"; };
		04189FB02244CF9B000819A8 /* HFDisplayLink.m */ = {isa = PBXFileReference; fileEncoding = 4; lastKnownFileType = sourcecode.c.objc; path = HFDisplayLink.m; sourceTree = "<group>"; };
		04189FB22244D7FF000819A8 /* RJTextField.h */ = {isa = PBXFileReference; fileEncoding = 4; lastKnownFileType = sourcecode.c.h; path = RJTextField.h; sourceTree = "<group>"; };
		04189FB32244D800000819A8 /* RJTextField.m */ = {isa = PBXFileReference; fileEncoding = 4; lastKnownFileType = sourcecode.c.objc; path = RJTextField.m; sourceTree = "<group>"; };
		04189FB62244DC3C000819A8 /* UIImage+GradientColor.m */ = {isa = PBXFileReference; fileEncoding = 4; lastKnownFileType = sourcecode.c.objc; path = "UIImage+GradientColor.m"; sourceTree = "<group>"; };
		04189FB72244DC3D000819A8 /* UIImage+GradientColor.h */ = {isa = PBXFileReference; fileEncoding = 4; lastKnownFileType = sourcecode.c.h; path = "UIImage+GradientColor.h"; sourceTree = "<group>"; };
		04189FE22244E40F000819A8 /* MSXMyViewController.h */ = {isa = PBXFileReference; lastKnownFileType = sourcecode.c.h; path = MSXMyViewController.h; sourceTree = "<group>"; };
		04189FE32244E40F000819A8 /* MSXMyViewController.m */ = {isa = PBXFileReference; lastKnownFileType = sourcecode.c.objc; path = MSXMyViewController.m; sourceTree = "<group>"; };
		04189FE52244E421000819A8 /* MSXMainViewController.h */ = {isa = PBXFileReference; lastKnownFileType = sourcecode.c.h; path = MSXMainViewController.h; sourceTree = "<group>"; };
		04189FE62244E421000819A8 /* MSXMainViewController.m */ = {isa = PBXFileReference; lastKnownFileType = sourcecode.c.objc; path = MSXMainViewController.m; sourceTree = "<group>"; };
		04189FE82244E450000819A8 /* MSXProductionViewController.h */ = {isa = PBXFileReference; lastKnownFileType = sourcecode.c.h; path = MSXProductionViewController.h; sourceTree = "<group>"; };
		04189FE92244E450000819A8 /* MSXProductionViewController.m */ = {isa = PBXFileReference; lastKnownFileType = sourcecode.c.objc; path = MSXProductionViewController.m; sourceTree = "<group>"; };
		04189FEB2244E485000819A8 /* MSXTaskStatusViewController.h */ = {isa = PBXFileReference; lastKnownFileType = sourcecode.c.h; path = MSXTaskStatusViewController.h; sourceTree = "<group>"; };
		04189FEC2244E485000819A8 /* MSXTaskStatusViewController.m */ = {isa = PBXFileReference; lastKnownFileType = sourcecode.c.objc; path = MSXTaskStatusViewController.m; sourceTree = "<group>"; };
		058F7F00B6BFA71DF61150FC /* Pods-LeancloudDemo.release.xcconfig */ = {isa = PBXFileReference; includeInIndex = 1; lastKnownFileType = text.xcconfig; name = "Pods-LeancloudDemo.release.xcconfig"; path = "Target Support Files/Pods-LeancloudDemo/Pods-LeancloudDemo.release.xcconfig"; sourceTree = "<group>"; };
		5844E6F10A7541693B8269C5 /* Pods-LeancloudDemo.debug.xcconfig */ = {isa = PBXFileReference; includeInIndex = 1; lastKnownFileType = text.xcconfig; name = "Pods-LeancloudDemo.debug.xcconfig"; path = "Target Support Files/Pods-LeancloudDemo/Pods-LeancloudDemo.debug.xcconfig"; sourceTree = "<group>"; };
		654CC37822550770009B76FD /* MSXStoryViewController.h */ = {isa = PBXFileReference; lastKnownFileType = sourcecode.c.h; path = MSXStoryViewController.h; sourceTree = "<group>"; };
		654CC37922550770009B76FD /* MSXStoryViewController.m */ = {isa = PBXFileReference; lastKnownFileType = sourcecode.c.objc; path = MSXStoryViewController.m; sourceTree = "<group>"; };
		654CC37B225507EE009B76FD /* MCTabBar.m */ = {isa = PBXFileReference; fileEncoding = 4; lastKnownFileType = sourcecode.c.objc; path = MCTabBar.m; sourceTree = "<group>"; };
		654CC37C225507EE009B76FD /* WWCustomTabBarController.h */ = {isa = PBXFileReference; fileEncoding = 4; lastKnownFileType = sourcecode.c.h; path = WWCustomTabBarController.h; sourceTree = "<group>"; };
		654CC37D225507EE009B76FD /* BaseNavigationController.m */ = {isa = PBXFileReference; fileEncoding = 4; lastKnownFileType = sourcecode.c.objc; path = BaseNavigationController.m; sourceTree = "<group>"; };
		654CC37E225507EF009B76FD /* WWCustomTabBarController.m */ = {isa = PBXFileReference; fileEncoding = 4; lastKnownFileType = sourcecode.c.objc; path = WWCustomTabBarController.m; sourceTree = "<group>"; };
		654CC37F225507EF009B76FD /* BaseNavigationController.h */ = {isa = PBXFileReference; fileEncoding = 4; lastKnownFileType = sourcecode.c.h; path = BaseNavigationController.h; sourceTree = "<group>"; };
		654CC380225507EF009B76FD /* MCTabBar.h */ = {isa = PBXFileReference; fileEncoding = 4; lastKnownFileType = sourcecode.c.h; path = MCTabBar.h; sourceTree = "<group>"; };
		A2440CF4E6277A5B4AE6C6CD /* libPods-LeancloudDemo.a */ = {isa = PBXFileReference; explicitFileType = archive.ar; includeInIndex = 0; path = "libPods-LeancloudDemo.a"; sourceTree = BUILT_PRODUCTS_DIR; };
/* End PBXFileReference section */

/* Begin PBXFrameworksBuildPhase section */
		04189E7D22448183000819A8 /* Frameworks */ = {
			isa = PBXFrameworksBuildPhase;
			buildActionMask = 2147483647;
			files = (
				42FC1C625A4BF99C878EFAE1 /* libPods-LeancloudDemo.a in Frameworks */,
				04189F2422449AD6000819A8 /* libopencore-amrwb.a in Frameworks */,
				04189F2322449AD6000819A8 /* libopencore-amrnb.a in Frameworks */,
			);
			runOnlyForDeploymentPostprocessing = 0;
		};
/* End PBXFrameworksBuildPhase section */

/* Begin PBXGroup section */
		04189E7722448183000819A8 = {
			isa = PBXGroup;
			children = (
				04189E8222448183000819A8 /* LeancloudDemo */,
				04189E8122448183000819A8 /* Products */,
				ACCAD339983EC92CF815188A /* Pods */,
				D57840FD122512DA823A895D /* Frameworks */,
			);
			sourceTree = "<group>";
		};
		04189E8122448183000819A8 /* Products */ = {
			isa = PBXGroup;
			children = (
				04189E8022448183000819A8 /* LeancloudDemo.app */,
			);
			name = Products;
			sourceTree = "<group>";
		};
		04189E8222448183000819A8 /* LeancloudDemo */ = {
			isa = PBXGroup;
			children = (
				04189E99224490FF000819A8 /* Classes */,
				04189E8322448183000819A8 /* AppDelegate.h */,
				04189E8422448183000819A8 /* AppDelegate.m */,
				04189EA02244912F000819A8 /* MSXLoginViewController.h */,
				04189EA12244912F000819A8 /* MSXLoginViewController.m */,
				04189EA322449160000819A8 /* MSXPrefixHeader.pch */,
				04189F2A2244C248000819A8 /* ConfigurationHeader.h */,
				04189E8922448183000819A8 /* Main.storyboard */,
				04189E8C22448184000819A8 /* Assets.xcassets */,
				04189E8E22448184000819A8 /* LaunchScreen.storyboard */,
				04189E9122448184000819A8 /* Info.plist */,
				04189E9222448184000819A8 /* main.m */,
			);
			path = LeancloudDemo;
			sourceTree = "<group>";
		};
		04189E99224490FF000819A8 /* Classes */ = {
			isa = PBXGroup;
			children = (
				654CC37722550723009B76FD /* cake的故事 */,
				04189FB52244DC19000819A8 /* BaseNav+TabBar+VC */,
				04189EFB22449AD6000819A8 /* GWNetWorkingTools */,
				04189E9A224490FF000819A8 /* 3rd */,
				04189E9B224490FF000819A8 /* 发布 */,
				04189E9C224490FF000819A8 /* 工具 */,
				04189E9D224490FF000819A8 /* 我的 */,
				04189E9E224490FF000819A8 /* 状态跟进 */,
				04189E9F224490FF000819A8 /* 首页 */,
			);
			path = Classes;
			sourceTree = "<group>";
		};
		04189E9A224490FF000819A8 /* 3rd */ = {
			isa = PBXGroup;
			children = (
				04189FB22244D7FF000819A8 /* RJTextField.h */,
				04189FB32244D800000819A8 /* RJTextField.m */,
				04189FAF2244CB83000819A8 /* 定时器 */,
				04189F9E2244C9E0000819A8 /* EBForeNotification */,
			);
			path = 3rd;
			sourceTree = "<group>";
		};
		04189E9B224490FF000819A8 /* 发布 */ = {
			isa = PBXGroup;
			children = (
				04189FE82244E450000819A8 /* MSXProductionViewController.h */,
				04189FE92244E450000819A8 /* MSXProductionViewController.m */,
			);
			path = "发布";
			sourceTree = "<group>";
		};
		04189E9C224490FF000819A8 /* 工具 */ = {
			isa = PBXGroup;
			children = (
				04189F2B2244C656000819A8 /* LKImageKit */,
			);
			path = "工具";
			sourceTree = "<group>";
		};
		04189E9D224490FF000819A8 /* 我的 */ = {
			isa = PBXGroup;
			children = (
				04189FE22244E40F000819A8 /* MSXMyViewController.h */,
				04189FE32244E40F000819A8 /* MSXMyViewController.m */,
			);
			path = "我的";
			sourceTree = "<group>";
		};
		04189E9E224490FF000819A8 /* 状态跟进 */ = {
			isa = PBXGroup;
			children = (
				04189FEB2244E485000819A8 /* MSXTaskStatusViewController.h */,
				04189FEC2244E485000819A8 /* MSXTaskStatusViewController.m */,
			);
			path = "状态跟进";
			sourceTree = "<group>";
		};
		04189E9F224490FF000819A8 /* 首页 */ = {
			isa = PBXGroup;
			children = (
				04189FE52244E421000819A8 /* MSXMainViewController.h */,
				04189FE62244E421000819A8 /* MSXMainViewController.m */,
			);
			path = "首页";
			sourceTree = "<group>";
		};
		04189EFB22449AD6000819A8 /* GWNetWorkingTools */ = {
			isa = PBXGroup;
			children = (
				04189F262244AB0C000819A8 /* A99588B8-38E7-4625-997E-99E8EF7D5FF0.png */,
				04189F0A22449AD6000819A8 /* GWNetWorking.h */,
				04189F0B22449AD6000819A8 /* GWNetWorking.m */,
				04189F0C22449AD6000819A8 /* VoiceConvert */,
			);
			path = GWNetWorkingTools;
			sourceTree = "<group>";
		};
		04189F0C22449AD6000819A8 /* VoiceConvert */ = {
			isa = PBXGroup;
			children = (
				04189F0D22449AD6000819A8 /* amrwapper */,
				04189F1022449AD6000819A8 /* lib */,
				04189F1322449AD6000819A8 /* opencore-amrnb */,
				04189F1622449AD6000819A8 /* opencore-amrwb */,
				04189F1922449AD6000819A8 /* VoiceConverter.h */,
				04189F1A22449AD6000819A8 /* VoiceConverter.mm */,
			);
			path = VoiceConvert;
			sourceTree = "<group>";
		};
		04189F0D22449AD6000819A8 /* amrwapper */ = {
			isa = PBXGroup;
			children = (
				04189F0E22449AD6000819A8 /* amrFileCodec.h */,
				04189F0F22449AD6000819A8 /* amrFileCodec.mm */,
			);
			path = amrwapper;
			sourceTree = "<group>";
		};
		04189F1022449AD6000819A8 /* lib */ = {
			isa = PBXGroup;
			children = (
				04189F1122449AD6000819A8 /* libopencore-amrnb.a */,
				04189F1222449AD6000819A8 /* libopencore-amrwb.a */,
			);
			path = lib;
			sourceTree = "<group>";
		};
		04189F1322449AD6000819A8 /* opencore-amrnb */ = {
			isa = PBXGroup;
			children = (
				04189F1422449AD6000819A8 /* interf_dec.h */,
				04189F1522449AD6000819A8 /* interf_enc.h */,
			);
			path = "opencore-amrnb";
			sourceTree = "<group>";
		};
		04189F1622449AD6000819A8 /* opencore-amrwb */ = {
			isa = PBXGroup;
			children = (
				04189F1722449AD6000819A8 /* dec_if.h */,
				04189F1822449AD6000819A8 /* if_rom.h */,
			);
			path = "opencore-amrwb";
			sourceTree = "<group>";
		};
		04189F2B2244C656000819A8 /* LKImageKit */ = {
			isa = PBXGroup;
			children = (
				04189F2C2244C656000819A8 /* Components */,
				04189F492244C656000819A8 /* Core */,
				04189F702244C656000819A8 /* LKImageKit.h */,
			);
			path = LKImageKit;
			sourceTree = "<group>";
		};
		04189F2C2244C656000819A8 /* Components */ = {
			isa = PBXGroup;
			children = (
				04189F2D2244C656000819A8 /* Cache */,
				04189F322244C656000819A8 /* Decoder */,
				04189F352244C656000819A8 /* Loader */,
				04189F402244C656000819A8 /* Processor */,
			);
			path = Components;
			sourceTree = "<group>";
		};
		04189F2D2244C656000819A8 /* Cache */ = {
			isa = PBXGroup;
			children = (
				04189F2E2244C656000819A8 /* LKImageMemoryCache.h */,
				04189F2F2244C656000819A8 /* LKImageMemoryCache.mm */,
				04189F302244C656000819A8 /* LKImageSmartCache.h */,
				04189F312244C656000819A8 /* LKImageSmartCache.m */,
			);
			path = Cache;
			sourceTree = "<group>";
		};
		04189F322244C656000819A8 /* Decoder */ = {
			isa = PBXGroup;
			children = (
				04189F332244C656000819A8 /* LKImageSystemDecoder.h */,
				04189F342244C656000819A8 /* LKImageSystemDecoder.m */,
			);
			path = Decoder;
			sourceTree = "<group>";
		};
		04189F352244C656000819A8 /* Loader */ = {
			isa = PBXGroup;
			children = (
				04189F362244C656000819A8 /* LKImageBundleLoader.h */,
				04189F372244C656000819A8 /* LKImageBundleLoader.m */,
				04189F382244C656000819A8 /* LKImageLocalFileLoader.h */,
				04189F392244C656000819A8 /* LKImageLocalFileLoader.m */,
				04189F3A2244C656000819A8 /* LKImageMemoryImageLoader.h */,
				04189F3B2244C656000819A8 /* LKImageMemoryImageLoader.m */,
				04189F3C2244C656000819A8 /* LKImageNetworkFileLoader.h */,
				04189F3D2244C656000819A8 /* LKImageNetworkFileLoader.m */,
				04189F3E2244C656000819A8 /* LKImagePhotoKitLoader.h */,
				04189F3F2244C656000819A8 /* LKImagePhotoKitLoader.m */,
			);
			path = Loader;
			sourceTree = "<group>";
		};
		04189F402244C656000819A8 /* Processor */ = {
			isa = PBXGroup;
			children = (
				04189F412244C656000819A8 /* LKImageBlurProcessor.h */,
				04189F422244C656000819A8 /* LKImageBlurProcessor.m */,
				04189F432244C656000819A8 /* LKImageGrayProcessor.h */,
				04189F442244C656000819A8 /* LKImageGrayProcessor.m */,
				04189F452244C656000819A8 /* LKImagePredrawProcessor.h */,
				04189F462244C656000819A8 /* LKImagePredrawProcessor.m */,
				04189F472244C656000819A8 /* LKImageSpritesToMutipleImagesProcessor.h */,
				04189F482244C656000819A8 /* LKImageSpritesToMutipleImagesProcessor.m */,
			);
			path = Processor;
			sourceTree = "<group>";
		};
		04189F492244C656000819A8 /* Core */ = {
			isa = PBXGroup;
			children = (
				04189F4A2244C656000819A8 /* Class */,
				04189F552244C656000819A8 /* LKImageDefine.h */,
				04189F562244C656000819A8 /* Manager */,
				04189F632244C656000819A8 /* Private */,
				04189F6A2244C656000819A8 /* Utility */,
			);
			path = Core;
			sourceTree = "<group>";
		};
		04189F4A2244C656000819A8 /* Class */ = {
			isa = PBXGroup;
			children = (
				04189F4B2244C656000819A8 /* LKImageConfiguration.h */,
				04189F4C2244C656000819A8 /* LKImageConfiguration.m */,
				04189F4D2244C656000819A8 /* LKImageError.h */,
				04189F4E2244C656000819A8 /* LKImageError.m */,
				04189F4F2244C656000819A8 /* LKImageInfo.h */,
				04189F502244C656000819A8 /* LKImageInfo.m */,
				04189F512244C656000819A8 /* LKImageRequest.h */,
				04189F522244C656000819A8 /* LKImageRequest.m */,
				04189F532244C656000819A8 /* LKImageView.h */,
				04189F542244C656000819A8 /* LKImageView.m */,
			);
			path = Class;
			sourceTree = "<group>";
		};
		04189F562244C656000819A8 /* Manager */ = {
			isa = PBXGroup;
			children = (
				04189F572244C656000819A8 /* LKImageCacheManager.h */,
				04189F582244C656000819A8 /* LKImageCacheManager.m */,
				04189F592244C656000819A8 /* LKImageDecoderManager.h */,
				04189F5A2244C656000819A8 /* LKImageDecoderManager.m */,
				04189F5B2244C656000819A8 /* LKImageLoaderManager.h */,
				04189F5C2244C656000819A8 /* LKImageLoaderManager.m */,
				04189F5D2244C656000819A8 /* LKImageLogManager.h */,
				04189F5E2244C656000819A8 /* LKImageLogManager.m */,
				04189F5F2244C656000819A8 /* LKImageManager.h */,
				04189F602244C656000819A8 /* LKImageManager.m */,
				04189F612244C656000819A8 /* LKImageProcessorManager.h */,
				04189F622244C656000819A8 /* LKImageProcessorManager.m */,
			);
			path = Manager;
			sourceTree = "<group>";
		};
		04189F632244C656000819A8 /* Private */ = {
			isa = PBXGroup;
			children = (
				04189F642244C656000819A8 /* LKImageLoaderManager+Private.h */,
				04189F652244C656000819A8 /* LKImageMonitor+Private.h */,
				04189F662244C656000819A8 /* LKImagePriorityArray.h */,
				04189F672244C656000819A8 /* LKImagePriorityArray.m */,
				04189F682244C656000819A8 /* LKImagePrivate.h */,
				04189F692244C656000819A8 /* LKImageRequest+Private.h */,
			);
			path = Private;
			sourceTree = "<group>";
		};
		04189F6A2244C656000819A8 /* Utility */ = {
			isa = PBXGroup;
			children = (
				04189F6B2244C656000819A8 /* LKImageMonitor.h */,
				04189F6C2244C656000819A8 /* LKImageMonitor.m */,
				04189F6D2244C656000819A8 /* LKImageUtil.h */,
				04189F6E2244C656000819A8 /* LKImageUtil.m */,
			);
			path = Utility;
			sourceTree = "<group>";
		};
		04189F9E2244C9E0000819A8 /* EBForeNotification */ = {
			isa = PBXGroup;
			children = (
				04189F9F2244C9E0000819A8 /* Classes */,
				04189FA92244C9E0000819A8 /* EBForeNotification.h */,
			);
			path = EBForeNotification;
			sourceTree = "<group>";
		};
		04189F9F2244C9E0000819A8 /* Classes */ = {
			isa = PBXGroup;
			children = (
				04189FA02244C9E0000819A8 /* EBBannerView.xib */,
				04189FA22244C9E0000819A8 /* EBBannerView.h */,
				04189FA32244C9E0000819A8 /* EBBannerView.m */,
				04189FA42244C9E0000819A8 /* EBForeNotification.m */,
				04189FA52244C9E0000819A8 /* UIImage+ColorAtPoint.h */,
				04189FA62244C9E0000819A8 /* UIImage+ColorAtPoint.m */,
				04189FA72244C9E0000819A8 /* UILabel+ContentSize.h */,
				04189FA82244C9E0000819A8 /* UILabel+ContentSize.m */,
			);
			path = Classes;
			sourceTree = "<group>";
		};
		04189FAF2244CB83000819A8 /* 定时器 */ = {
			isa = PBXGroup;
			children = (
				04189F992244C98D000819A8 /* HFDisplayLink.h */,
				04189FB02244CF9B000819A8 /* HFDisplayLink.m */,
				04189F972244C98D000819A8 /* HFGCDTimer.h */,
				04189F922244C98B000819A8 /* HFGCDTimer.m */,
				04189F942244C98C000819A8 /* HFTimer.h */,
				04189F982244C98D000819A8 /* HFTimer.m */,
				04189F962244C98C000819A8 /* HFWeakObject.h */,
				04189F932244C98C000819A8 /* HFWeakObject.m */,
			);
			path = "定时器";
			sourceTree = "<group>";
		};
		04189FB52244DC19000819A8 /* BaseNav+TabBar+VC */ = {
			isa = PBXGroup;
			children = (
				654CC37F225507EF009B76FD /* BaseNavigationController.h */,
				654CC37D225507EE009B76FD /* BaseNavigationController.m */,
				654CC380225507EF009B76FD /* MCTabBar.h */,
				654CC37B225507EE009B76FD /* MCTabBar.m */,
				654CC37C225507EE009B76FD /* WWCustomTabBarController.h */,
				654CC37E225507EF009B76FD /* WWCustomTabBarController.m */,
				04189FB72244DC3D000819A8 /* UIImage+GradientColor.h */,
				04189FB62244DC3C000819A8 /* UIImage+GradientColor.m */,
			);
			path = "BaseNav+TabBar+VC";
			sourceTree = "<group>";
		};
		654CC37722550723009B76FD /* cake的故事 */ = {
			isa = PBXGroup;
			children = (
				654CC37822550770009B76FD /* MSXStoryViewController.h */,
				654CC37922550770009B76FD /* MSXStoryViewController.m */,
			);
			path = "cake的故事";
			sourceTree = "<group>";
		};
		ACCAD339983EC92CF815188A /* Pods */ = {
			isa = PBXGroup;
			children = (
				5844E6F10A7541693B8269C5 /* Pods-LeancloudDemo.debug.xcconfig */,
				058F7F00B6BFA71DF61150FC /* Pods-LeancloudDemo.release.xcconfig */,
			);
			path = Pods;
			sourceTree = "<group>";
		};
		D57840FD122512DA823A895D /* Frameworks */ = {
			isa = PBXGroup;
			children = (
				A2440CF4E6277A5B4AE6C6CD /* libPods-LeancloudDemo.a */,
			);
			name = Frameworks;
			sourceTree = "<group>";
		};
/* End PBXGroup section */

/* Begin PBXNativeTarget section */
		04189E7F22448183000819A8 /* LeancloudDemo */ = {
			isa = PBXNativeTarget;
			buildConfigurationList = 04189E9622448184000819A8 /* Build configuration list for PBXNativeTarget "LeancloudDemo" */;
			buildPhases = (
				6EBA049FBCF9522340D2B4A8 /* [CP] Check Pods Manifest.lock */,
				04189E7C22448183000819A8 /* Sources */,
				04189E7D22448183000819A8 /* Frameworks */,
				04189E7E22448183000819A8 /* Resources */,
				39E61F789420FD26C4D3B472 /* [CP] Copy Pods Resources */,
			);
			buildRules = (
			);
			dependencies = (
			);
			name = LeancloudDemo;
			productName = LeancloudDemo;
			productReference = 04189E8022448183000819A8 /* LeancloudDemo.app */;
			productType = "com.apple.product-type.application";
		};
/* End PBXNativeTarget section */

/* Begin PBXProject section */
		04189E7822448183000819A8 /* Project object */ = {
			isa = PBXProject;
			attributes = {
				LastUpgradeCheck = 1010;
				ORGANIZATIONNAME = Robinson;
				TargetAttributes = {
					04189E7F22448183000819A8 = {
						CreatedOnToolsVersion = 10.1;
					};
				};
			};
			buildConfigurationList = 04189E7B22448183000819A8 /* Build configuration list for PBXProject "LeancloudDemo" */;
			compatibilityVersion = "Xcode 9.3";
			developmentRegion = en;
			hasScannedForEncodings = 0;
			knownRegions = (
				en,
				Base,
			);
			mainGroup = 04189E7722448183000819A8;
			productRefGroup = 04189E8122448183000819A8 /* Products */;
			projectDirPath = "";
			projectRoot = "";
			targets = (
				04189E7F22448183000819A8 /* LeancloudDemo */,
			);
		};
/* End PBXProject section */

/* Begin PBXResourcesBuildPhase section */
		04189E7E22448183000819A8 /* Resources */ = {
			isa = PBXResourcesBuildPhase;
			buildActionMask = 2147483647;
			files = (
				04189FAA2244C9E0000819A8 /* EBBannerView.xib in Resources */,
				04189E9022448184000819A8 /* LaunchScreen.storyboard in Resources */,
				04189F272244AB0C000819A8 /* A99588B8-38E7-4625-997E-99E8EF7D5FF0.png in Resources */,
				04189E8D22448184000819A8 /* Assets.xcassets in Resources */,
				04189E8B22448183000819A8 /* Main.storyboard in Resources */,
			);
			runOnlyForDeploymentPostprocessing = 0;
		};
/* End PBXResourcesBuildPhase section */

/* Begin PBXShellScriptBuildPhase section */
		39E61F789420FD26C4D3B472 /* [CP] Copy Pods Resources */ = {
			isa = PBXShellScriptBuildPhase;
			buildActionMask = 2147483647;
			files = (
			);
			inputFileListPaths = (
			);
			inputPaths = (
				"${PODS_ROOT}/Target Support Files/Pods-LeancloudDemo/Pods-LeancloudDemo-resources.sh",
				"${PODS_ROOT}/AVOSCloud/AVOS/AVOSCloud/AVOSCloud_Art.inc",
				"${PODS_ROOT}/IQKeyboardManager/IQKeyboardManager/Resources/IQKeyboardManager.bundle",
				"${PODS_ROOT}/MJRefresh/MJRefresh/MJRefresh.bundle",
				"${PODS_ROOT}/TZImagePickerController/TZImagePickerController/TZImagePickerController/TZImagePickerController.bundle",
			);
			name = "[CP] Copy Pods Resources";
			outputFileListPaths = (
			);
			outputPaths = (
				"${TARGET_BUILD_DIR}/${UNLOCALIZED_RESOURCES_FOLDER_PATH}/AVOSCloud_Art.inc",
				"${TARGET_BUILD_DIR}/${UNLOCALIZED_RESOURCES_FOLDER_PATH}/IQKeyboardManager.bundle",
				"${TARGET_BUILD_DIR}/${UNLOCALIZED_RESOURCES_FOLDER_PATH}/MJRefresh.bundle",
				"${TARGET_BUILD_DIR}/${UNLOCALIZED_RESOURCES_FOLDER_PATH}/TZImagePickerController.bundle",
			);
			runOnlyForDeploymentPostprocessing = 0;
			shellPath = /bin/sh;
			shellScript = "\"${PODS_ROOT}/Target Support Files/Pods-LeancloudDemo/Pods-LeancloudDemo-resources.sh\"\n";
			showEnvVarsInLog = 0;
		};
		6EBA049FBCF9522340D2B4A8 /* [CP] Check Pods Manifest.lock */ = {
			isa = PBXShellScriptBuildPhase;
			buildActionMask = 2147483647;
			files = (
			);
			inputFileListPaths = (
			);
			inputPaths = (
				"${PODS_PODFILE_DIR_PATH}/Podfile.lock",
				"${PODS_ROOT}/Manifest.lock",
			);
			name = "[CP] Check Pods Manifest.lock";
			outputFileListPaths = (
			);
			outputPaths = (
				"$(DERIVED_FILE_DIR)/Pods-LeancloudDemo-checkManifestLockResult.txt",
			);
			runOnlyForDeploymentPostprocessing = 0;
			shellPath = /bin/sh;
			shellScript = "diff \"${PODS_PODFILE_DIR_PATH}/Podfile.lock\" \"${PODS_ROOT}/Manifest.lock\" > /dev/null\nif [ $? != 0 ] ; then\n    # print error to STDERR\n    echo \"error: The sandbox is not in sync with the Podfile.lock. Run 'pod install' or update your CocoaPods installation.\" >&2\n    exit 1\nfi\n# This output is used by Xcode 'outputs' to avoid re-running this script phase.\necho \"SUCCESS\" > \"${SCRIPT_OUTPUT_FILE_0}\"\n";
			showEnvVarsInLog = 0;
		};
/* End PBXShellScriptBuildPhase section */

/* Begin PBXSourcesBuildPhase section */
		04189E7C22448183000819A8 /* Sources */ = {
			isa = PBXSourcesBuildPhase;
			buildActionMask = 2147483647;
			files = (
				04189F902244C656000819A8 /* LKImageUtil.m in Sources */,
				04189EA22244912F000819A8 /* MSXLoginViewController.m in Sources */,
				04189F792244C656000819A8 /* LKImageSystemDecoder.m in Sources */,
				04189FE42244E40F000819A8 /* MSXMyViewController.m in Sources */,
				04189E9322448184000819A8 /* main.m in Sources */,
				04189FB12244CF9B000819A8 /* HFDisplayLink.m in Sources */,
				04189FE72244E421000819A8 /* MSXMainViewController.m in Sources */,
				04189F8B2244C656000819A8 /* LKImageLogManager.m in Sources */,
				654CC382225507EF009B76FD /* BaseNavigationController.m in Sources */,
				04189F8C2244C656000819A8 /* LKImageManager.m in Sources */,
				04189F2522449AD7000819A8 /* VoiceConverter.mm in Sources */,
				04189F782244C656000819A8 /* LKImageSmartCache.m in Sources */,
				04189F8A2244C656000819A8 /* LKImageLoaderManager.m in Sources */,
				04189F7B2244C656000819A8 /* LKImageLocalFileLoader.m in Sources */,
				04189F8D2244C656000819A8 /* LKImageProcessorManager.m in Sources */,
				04189F8E2244C656000819A8 /* LKImagePriorityArray.m in Sources */,
				04189FB42244D800000819A8 /* RJTextField.m in Sources */,
				04189FED2244E485000819A8 /* MSXTaskStatusViewController.m in Sources */,
				04189F7C2244C656000819A8 /* LKImageMemoryImageLoader.m in Sources */,
				04189E8522448183000819A8 /* AppDelegate.m in Sources */,
				04189FAB2244C9E0000819A8 /* EBBannerView.m in Sources */,
				04189FBA2244DC3D000819A8 /* UIImage+GradientColor.m in Sources */,
				04189F9B2244C98D000819A8 /* HFWeakObject.m in Sources */,
				04189F772244C656000819A8 /* LKImageMemoryCache.mm in Sources */,
				04189FAC2244C9E0000819A8 /* EBForeNotification.m in Sources */,
				04189F842244C656000819A8 /* LKImageError.m in Sources */,
				04189F7E2244C656000819A8 /* LKImagePhotoKitLoader.m in Sources */,
				04189F8F2244C656000819A8 /* LKImageMonitor.m in Sources */,
				04189F7F2244C656000819A8 /* LKImageBlurProcessor.m in Sources */,
				04189F862244C656000819A8 /* LKImageRequest.m in Sources */,
				04189F812244C656000819A8 /* LKImagePredrawProcessor.m in Sources */,
				654CC37A22550770009B76FD /* MSXStoryViewController.m in Sources */,
				04189F7D2244C656000819A8 /* LKImageNetworkFileLoader.m in Sources */,
				04189F7A2244C656000819A8 /* LKImageBundleLoader.m in Sources */,
				654CC381225507EF009B76FD /* MCTabBar.m in Sources */,
				04189F2122449AD6000819A8 /* GWNetWorking.m in Sources */,
				654CC383225507EF009B76FD /* WWCustomTabBarController.m in Sources */,
				04189F882244C656000819A8 /* LKImageCacheManager.m in Sources */,
				04189F852244C656000819A8 /* LKImageInfo.m in Sources */,
				04189F802244C656000819A8 /* LKImageGrayProcessor.m in Sources */,
				04189F832244C656000819A8 /* LKImageConfiguration.m in Sources */,
				04189FEA2244E450000819A8 /* MSXProductionViewController.m in Sources */,
				04189FAE2244C9E0000819A8 /* UILabel+ContentSize.m in Sources */,
				04189F892244C656000819A8 /* LKImageDecoderManager.m in Sources */,
				04189F9D2244C98D000819A8 /* HFTimer.m in Sources */,
				04189F9A2244C98D000819A8 /* HFGCDTimer.m in Sources */,
				04189FAD2244C9E0000819A8 /* UIImage+ColorAtPoint.m in Sources */,
				04189F872244C656000819A8 /* LKImageView.m in Sources */,
				04189F822244C656000819A8 /* LKImageSpritesToMutipleImagesProcessor.m in Sources */,
				04189F2222449AD6000819A8 /* amrFileCodec.mm in Sources */,
			);
			runOnlyForDeploymentPostprocessing = 0;
		};
/* End PBXSourcesBuildPhase section */

/* Begin PBXVariantGroup section */
		04189E8922448183000819A8 /* Main.storyboard */ = {
			isa = PBXVariantGroup;
			children = (
				04189E8A22448183000819A8 /* Base */,
			);
			name = Main.storyboard;
			sourceTree = "<group>";
		};
		04189E8E22448184000819A8 /* LaunchScreen.storyboard */ = {
			isa = PBXVariantGroup;
			children = (
				04189E8F22448184000819A8 /* Base */,
			);
			name = LaunchScreen.storyboard;
			sourceTree = "<group>";
		};
		04189FA02244C9E0000819A8 /* EBBannerView.xib */ = {
			isa = PBXVariantGroup;
			children = (
				04189FA12244C9E0000819A8 /* Base */,
			);
			name = EBBannerView.xib;
			sourceTree = "<group>";
		};
/* End PBXVariantGroup section */

/* Begin XCBuildConfiguration section */
		04189E9422448184000819A8 /* Debug */ = {
			isa = XCBuildConfiguration;
			buildSettings = {
				ALWAYS_SEARCH_USER_PATHS = NO;
				CLANG_ANALYZER_NONNULL = YES;
				CLANG_ANALYZER_NUMBER_OBJECT_CONVERSION = YES_AGGRESSIVE;
				CLANG_CXX_LANGUAGE_STANDARD = "gnu++14";
				CLANG_CXX_LIBRARY = "libc++";
				CLANG_ENABLE_MODULES = YES;
				CLANG_ENABLE_OBJC_ARC = YES;
				CLANG_ENABLE_OBJC_WEAK = YES;
				CLANG_WARN_BLOCK_CAPTURE_AUTORELEASING = YES;
				CLANG_WARN_BOOL_CONVERSION = YES;
				CLANG_WARN_COMMA = YES;
				CLANG_WARN_CONSTANT_CONVERSION = YES;
				CLANG_WARN_DEPRECATED_OBJC_IMPLEMENTATIONS = YES;
				CLANG_WARN_DIRECT_OBJC_ISA_USAGE = YES_ERROR;
				CLANG_WARN_DOCUMENTATION_COMMENTS = YES;
				CLANG_WARN_EMPTY_BODY = YES;
				CLANG_WARN_ENUM_CONVERSION = YES;
				CLANG_WARN_INFINITE_RECURSION = YES;
				CLANG_WARN_INT_CONVERSION = YES;
				CLANG_WARN_NON_LITERAL_NULL_CONVERSION = YES;
				CLANG_WARN_OBJC_IMPLICIT_RETAIN_SELF = YES;
				CLANG_WARN_OBJC_LITERAL_CONVERSION = YES;
				CLANG_WARN_OBJC_ROOT_CLASS = YES_ERROR;
				CLANG_WARN_RANGE_LOOP_ANALYSIS = YES;
				CLANG_WARN_STRICT_PROTOTYPES = YES;
				CLANG_WARN_SUSPICIOUS_MOVE = YES;
				CLANG_WARN_UNGUARDED_AVAILABILITY = YES_AGGRESSIVE;
				CLANG_WARN_UNREACHABLE_CODE = YES;
				CLANG_WARN__DUPLICATE_METHOD_MATCH = YES;
				CODE_SIGN_IDENTITY = "iPhone Developer";
				COPY_PHASE_STRIP = NO;
				DEBUG_INFORMATION_FORMAT = dwarf;
				ENABLE_STRICT_OBJC_MSGSEND = YES;
				ENABLE_TESTABILITY = YES;
				GCC_C_LANGUAGE_STANDARD = gnu11;
				GCC_DYNAMIC_NO_PIC = NO;
				GCC_NO_COMMON_BLOCKS = YES;
				GCC_OPTIMIZATION_LEVEL = 0;
				GCC_PREPROCESSOR_DEFINITIONS = (
					"DEBUG=1",
					"$(inherited)",
				);
				GCC_WARN_64_TO_32_BIT_CONVERSION = YES;
				GCC_WARN_ABOUT_RETURN_TYPE = YES_ERROR;
				GCC_WARN_UNDECLARED_SELECTOR = YES;
				GCC_WARN_UNINITIALIZED_AUTOS = YES_AGGRESSIVE;
				GCC_WARN_UNUSED_FUNCTION = YES;
				GCC_WARN_UNUSED_VARIABLE = YES;
				IPHONEOS_DEPLOYMENT_TARGET = 12.1;
				MTL_ENABLE_DEBUG_INFO = INCLUDE_SOURCE;
				MTL_FAST_MATH = YES;
				ONLY_ACTIVE_ARCH = YES;
				SDKROOT = iphoneos;
			};
			name = Debug;
		};
		04189E9522448184000819A8 /* Release */ = {
			isa = XCBuildConfiguration;
			buildSettings = {
				ALWAYS_SEARCH_USER_PATHS = NO;
				CLANG_ANALYZER_NONNULL = YES;
				CLANG_ANALYZER_NUMBER_OBJECT_CONVERSION = YES_AGGRESSIVE;
				CLANG_CXX_LANGUAGE_STANDARD = "gnu++14";
				CLANG_CXX_LIBRARY = "libc++";
				CLANG_ENABLE_MODULES = YES;
				CLANG_ENABLE_OBJC_ARC = YES;
				CLANG_ENABLE_OBJC_WEAK = YES;
				CLANG_WARN_BLOCK_CAPTURE_AUTORELEASING = YES;
				CLANG_WARN_BOOL_CONVERSION = YES;
				CLANG_WARN_COMMA = YES;
				CLANG_WARN_CONSTANT_CONVERSION = YES;
				CLANG_WARN_DEPRECATED_OBJC_IMPLEMENTATIONS = YES;
				CLANG_WARN_DIRECT_OBJC_ISA_USAGE = YES_ERROR;
				CLANG_WARN_DOCUMENTATION_COMMENTS = YES;
				CLANG_WARN_EMPTY_BODY = YES;
				CLANG_WARN_ENUM_CONVERSION = YES;
				CLANG_WARN_INFINITE_RECURSION = YES;
				CLANG_WARN_INT_CONVERSION = YES;
				CLANG_WARN_NON_LITERAL_NULL_CONVERSION = YES;
				CLANG_WARN_OBJC_IMPLICIT_RETAIN_SELF = YES;
				CLANG_WARN_OBJC_LITERAL_CONVERSION = YES;
				CLANG_WARN_OBJC_ROOT_CLASS = YES_ERROR;
				CLANG_WARN_RANGE_LOOP_ANALYSIS = YES;
				CLANG_WARN_STRICT_PROTOTYPES = YES;
				CLANG_WARN_SUSPICIOUS_MOVE = YES;
				CLANG_WARN_UNGUARDED_AVAILABILITY = YES_AGGRESSIVE;
				CLANG_WARN_UNREACHABLE_CODE = YES;
				CLANG_WARN__DUPLICATE_METHOD_MATCH = YES;
				CODE_SIGN_IDENTITY = "iPhone Developer";
				COPY_PHASE_STRIP = NO;
				DEBUG_INFORMATION_FORMAT = "dwarf-with-dsym";
				ENABLE_NS_ASSERTIONS = NO;
				ENABLE_STRICT_OBJC_MSGSEND = YES;
				GCC_C_LANGUAGE_STANDARD = gnu11;
				GCC_NO_COMMON_BLOCKS = YES;
				GCC_WARN_64_TO_32_BIT_CONVERSION = YES;
				GCC_WARN_ABOUT_RETURN_TYPE = YES_ERROR;
				GCC_WARN_UNDECLARED_SELECTOR = YES;
				GCC_WARN_UNINITIALIZED_AUTOS = YES_AGGRESSIVE;
				GCC_WARN_UNUSED_FUNCTION = YES;
				GCC_WARN_UNUSED_VARIABLE = YES;
				IPHONEOS_DEPLOYMENT_TARGET = 12.1;
				MTL_ENABLE_DEBUG_INFO = NO;
				MTL_FAST_MATH = YES;
				SDKROOT = iphoneos;
				VALIDATE_PRODUCT = YES;
			};
			name = Release;
		};
		04189E9722448184000819A8 /* Debug */ = {
			isa = XCBuildConfiguration;
			baseConfigurationReference = 5844E6F10A7541693B8269C5 /* Pods-LeancloudDemo.debug.xcconfig */;
			buildSettings = {
				ASSETCATALOG_COMPILER_APPICON_NAME = AppIcon;
				CODE_SIGN_IDENTITY = "iPhone Developer";
				CODE_SIGN_STYLE = Automatic;
				DEVELOPMENT_TEAM = "";
				ENABLE_BITCODE = NO;
				GCC_PREFIX_HEADER = "$(SRCROOT)/LeancloudDemo/MSXPrefixHeader.pch";
				INFOPLIST_FILE = LeancloudDemo/Info.plist;
				IPHONEOS_DEPLOYMENT_TARGET = 9.0;
				LD_RUNPATH_SEARCH_PATHS = (
					"$(inherited)",
					"@executable_path/Frameworks",
				);
				LIBRARY_SEARCH_PATHS = (
					"$(inherited)",
					"$(PROJECT_DIR)/LeancloudDemo/Classes/VoiceConvert/lib",
					"$(PROJECT_DIR)/LeancloudDemo/Classes/网络请求/VoiceConvert/lib",
					"$(PROJECT_DIR)/LeancloudDemo/Classes/GWNetWorkingTools/VoiceConvert/lib",
				);
				PRODUCT_BUNDLE_IDENTIFIER = com.XL.LeancloudMSX;
				PRODUCT_NAME = "$(TARGET_NAME)";
				PROVISIONING_PROFILE_SPECIFIER = "";
				TARGETED_DEVICE_FAMILY = 1;
			};
			name = Debug;
		};
		04189E9822448184000819A8 /* Release */ = {
			isa = XCBuildConfiguration;
			baseConfigurationReference = 058F7F00B6BFA71DF61150FC /* Pods-LeancloudDemo.release.xcconfig */;
			buildSettings = {
				ASSETCATALOG_COMPILER_APPICON_NAME = AppIcon;
				CODE_SIGN_IDENTITY = "iPhone Developer";
				CODE_SIGN_STYLE = Automatic;
				DEVELOPMENT_TEAM = "";
				ENABLE_BITCODE = NO;
				GCC_PREFIX_HEADER = "$(SRCROOT)/LeancloudDemo/MSXPrefixHeader.pch";
				INFOPLIST_FILE = LeancloudDemo/Info.plist;
				IPHONEOS_DEPLOYMENT_TARGET = 9.0;
				LD_RUNPATH_SEARCH_PATHS = (
					"$(inherited)",
					"@executable_path/Frameworks",
				);
				LIBRARY_SEARCH_PATHS = (
					"$(inherited)",
					"$(PROJECT_DIR)/LeancloudDemo/Classes/VoiceConvert/lib",
					"$(PROJECT_DIR)/LeancloudDemo/Classes/网络请求/VoiceConvert/lib",
					"$(PROJECT_DIR)/LeancloudDemo/Classes/GWNetWorkingTools/VoiceConvert/lib",
				);
				PRODUCT_BUNDLE_IDENTIFIER = com.XL.LeancloudMSX;
				PRODUCT_NAME = "$(TARGET_NAME)";
				PROVISIONING_PROFILE_SPECIFIER = "";
				TARGETED_DEVICE_FAMILY = 1;
			};
			name = Release;
		};
/* End XCBuildConfiguration section */

/* Begin XCConfigurationList section */
		04189E7B22448183000819A8 /* Build configuration list for PBXProject "LeancloudDemo" */ = {
			isa = XCConfigurationList;
			buildConfigurations = (
				04189E9422448184000819A8 /* Debug */,
				04189E9522448184000819A8 /* Release */,
			);
			defaultConfigurationIsVisible = 0;
			defaultConfigurationName = Release;
		};
		04189E9622448184000819A8 /* Build configuration list for PBXNativeTarget "LeancloudDemo" */ = {
			isa = XCConfigurationList;
			buildConfigurations = (
				04189E9722448184000819A8 /* Debug */,
				04189E9822448184000819A8 /* Release */,
			);
			defaultConfigurationIsVisible = 0;
			defaultConfigurationName = Release;
		};
/* End XCConfigurationList section */
	};
	rootObject = 04189E7822448183000819A8 /* Project object */;
}
